
Microsoft Visual Studio Solution File, Format Version 12.00
# Visual Studio Version 16
VisualStudioVersion = 16.0.28711.60
MinimumVisualStudioVersion = 10.0.40219.1
Project("{FAE04EC0-301F-11D3-BF4B-00C04F79EFBC}") = "razor-components", "razor-components\razor-components.csproj", "{323AA53B-34BC-4188-9478-0A6A4A71A9EE}"
EndProject
Global
	GlobalSection(SolutionConfigurationPlatforms) = preSolution
		Debug|Any CPU = Debug|Any CPU
		Release|Any CPU = Release|Any CPU
	EndGlobalSection
	GlobalSection(ProjectConfigurationPlatforms) = postSolution
		{323AA53B-34BC-4188-9478-0A6A4A71A9EE}.Debug|Any CPU.ActiveCfg = Debug|Any CPU
		{323AA53B-34BC-4188-9478-0A6A4A71A9EE}.Debug|Any CPU.Build.0 = Debug|Any CPU
		{323AA53B-34BC-4188-9478-0A6A4A71A9EE}.Release|Any CPU.ActiveCfg = Release|Any CPU
		{323AA53B-34BC-4188-9478-0A6A4A71A9EE}.Release|Any CPU.Build.0 = Release|Any CPU
	EndGlobalSection
	GlobalSection(SolutionProperties) = preSolution
		HideSolutionNode = FALSE
	EndGlobalSection
	GlobalSection(ExtensibilityGlobals) = postSolution
		SolutionGuid = {35CB02AC-52BF-4B82-852F-B101147C45C6}
	EndGlobalSection
EndGlobal
